
Microsoft Visual Studio Solution File, Format Version 12.00
# Visual Studio Version 17
VisualStudioVersion = 17.5.002.0
MinimumVisualStudioVersion = 10.0.40219.1
Project("{9A19103F-16F7-4668-BE54-9A1E7A4F7556}") = "DesafioFundamentos", "DesafioFundamentos\DesafioFundamentos.csproj", "{B46DCADD-06C6-4DBA-B6FB-D5C98029F8EA}"
EndProject
Global
	GlobalSection(SolutionConfigurationPlatforms) = preSolution
		Debug|Any CPU = Debug|Any CPU
		Release|Any CPU = Release|Any CPU
	EndGlobalSection
	GlobalSection(ProjectConfigurationPlatforms) = postSolution
		{B46DCADD-06C6-4DBA-B6FB-D5C98029F8EA}.Debug|Any CPU.ActiveCfg = Debug|Any CPU
		{B46DCADD-06C6-4DBA-B6FB-D5C98029F8EA}.Debug|Any CPU.Build.0 = Debug|Any CPU
		{B46DCADD-06C6-4DBA-B6FB-D5C98029F8EA}.Release|Any CPU.ActiveCfg = Release|Any CPU
		{B46DCADD-06C6-4DBA-B6FB-D5C98029F8EA}.Release|Any CPU.Build.0 = Release|Any CPU
	EndGlobalSection
	GlobalSection(SolutionProperties) = preSolution
		HideSolutionNode = FALSE
	EndGlobalSection
	GlobalSection(ExtensibilityGlobals) = postSolution
		SolutionGuid = {B7608EB1-D53C-42D4-8A67-1BADF5F7B02F}
	EndGlobalSection
EndGlobal
